
Microsoft Visual Studio Solution File, Format Version 12.00
# Visual Studio Version 17
VisualStudioVersion = 17.3.32929.385
MinimumVisualStudioVersion = 10.0.40219.1
Project("{FAE04EC0-301F-11D3-BF4B-00C04F79EFBC}") = "SnakeAndLadderProblem", "SnakeAndLadderProblem\SnakeAndLadderProblem.csproj", "{3E825CCB-43CD-4A84-BDBC-693E6FCF6B6C}"
EndProject
Global
	GlobalSection(SolutionConfigurationPlatforms) = preSolution
		Debug|Any CPU = Debug|Any CPU
		Release|Any CPU = Release|Any CPU
	EndGlobalSection
	GlobalSection(ProjectConfigurationPlatforms) = postSolution
		{3E825CCB-43CD-4A84-BDBC-693E6FCF6B6C}.Debug|Any CPU.ActiveCfg = Debug|Any CPU
		{3E825CCB-43CD-4A84-BDBC-693E6FCF6B6C}.Debug|Any CPU.Build.0 = Debug|Any CPU
		{3E825CCB-43CD-4A84-BDBC-693E6FCF6B6C}.Release|Any CPU.ActiveCfg = Release|Any CPU
		{3E825CCB-43CD-4A84-BDBC-693E6FCF6B6C}.Release|Any CPU.Build.0 = Release|Any CPU
	EndGlobalSection
	GlobalSection(SolutionProperties) = preSolution
		HideSolutionNode = FALSE
	EndGlobalSection
	GlobalSection(ExtensibilityGlobals) = postSolution
		SolutionGuid = {79D5F653-E85D-43C4-8271-8F60ABE5E2DD}
	EndGlobalSection
EndGlobal
